
Microsoft Visual Studio Solution File, Format Version 12.00
# Visual Studio 15
Project("{FAE04EC0-301F-11D3-BF4B-00C04F79EFBC}") = "unityMoL", "unityMoL.csproj", "{0FDE7EA6-05B0-9FDE-9E03-D28F8E2B6C53}"
EndProject
Project("{FAE04EC0-301F-11D3-BF4B-00C04F79EFBC}") = "unityMoL.Plugins", "unityMoL.Plugins.csproj", "{3FCA1445-2D34-77BA-97FC-C2DBD726A037}"
EndProject
Project("{FAE04EC0-301F-11D3-BF4B-00C04F79EFBC}") = "unityMoL.Editor", "unityMoL.Editor.csproj", "{0A80ABFB-E90C-5357-76CA-4DBCB2586BD9}"
EndProject
Global
	GlobalSection(SolutionConfigurationPlatforms) = preSolution
		Debug|Any CPU = Debug|Any CPU
		Release|Any CPU = Release|Any CPU
	EndGlobalSection
	GlobalSection(ProjectConfigurationPlatforms) = postSolution
		{0FDE7EA6-05B0-9FDE-9E03-D28F8E2B6C53}.Debug|Any CPU.ActiveCfg = Debug|Any CPU
		{0FDE7EA6-05B0-9FDE-9E03-D28F8E2B6C53}.Debug|Any CPU.Build.0 = Debug|Any CPU
		{0FDE7EA6-05B0-9FDE-9E03-D28F8E2B6C53}.Release|Any CPU.ActiveCfg = Release|Any CPU
		{0FDE7EA6-05B0-9FDE-9E03-D28F8E2B6C53}.Release|Any CPU.Build.0 = Release|Any CPU
		{3FCA1445-2D34-77BA-97FC-C2DBD726A037}.Debug|Any CPU.ActiveCfg = Debug|Any CPU
		{3FCA1445-2D34-77BA-97FC-C2DBD726A037}.Debug|Any CPU.Build.0 = Debug|Any CPU
		{3FCA1445-2D34-77BA-97FC-C2DBD726A037}.Release|Any CPU.ActiveCfg = Release|Any CPU
		{3FCA1445-2D34-77BA-97FC-C2DBD726A037}.Release|Any CPU.Build.0 = Release|Any CPU
		{0A80ABFB-E90C-5357-76CA-4DBCB2586BD9}.Debug|Any CPU.ActiveCfg = Debug|Any CPU
		{0A80ABFB-E90C-5357-76CA-4DBCB2586BD9}.Debug|Any CPU.Build.0 = Debug|Any CPU
		{0A80ABFB-E90C-5357-76CA-4DBCB2586BD9}.Release|Any CPU.ActiveCfg = Release|Any CPU
		{0A80ABFB-E90C-5357-76CA-4DBCB2586BD9}.Release|Any CPU.Build.0 = Release|Any CPU
	EndGlobalSection
	GlobalSection(SolutionProperties) = preSolution
		HideSolutionNode = FALSE
	EndGlobalSection
EndGlobal
